
Microsoft Visual Studio Solution File, Format Version 12.00
Project("{FAE04EC0-301F-11D3-BF4B-00C04F79EFBC}") = "SRVGenerator", "SRVGenerator\SRVGenerator.csproj", "{DEAB660A-0676-4F93-8850-9F238905232F}"
EndProject
Global
	GlobalSection(SolutionConfigurationPlatforms) = preSolution
		Debug|Any CPU = Debug|Any CPU
		Release|Any CPU = Release|Any CPU
	EndGlobalSection
	GlobalSection(ProjectConfigurationPlatforms) = postSolution
		{DEAB660A-0676-4F93-8850-9F238905232F}.Debug|Any CPU.ActiveCfg = Debug|Any CPU
		{DEAB660A-0676-4F93-8850-9F238905232F}.Debug|Any CPU.Build.0 = Debug|Any CPU
		{DEAB660A-0676-4F93-8850-9F238905232F}.Release|Any CPU.ActiveCfg = Release|Any CPU
		{DEAB660A-0676-4F93-8850-9F238905232F}.Release|Any CPU.Build.0 = Release|Any CPU
	EndGlobalSection
EndGlobal
